// !$*UTF8*$!
{
	archiveVersion = 1;
	classes = {
	};
	objectVersion = 48;
	objects = {

/* Begin PBXBuildFile section */
		18EFA3E81F686C5A001FBD84 /* AppDelegate.swift in Sources */ = {isa = PBXBuildFile; fileRef = 18EFA3E71F686C5A001FBD84 /* AppDelegate.swift */; };
		18EFA3EA1F686C5A001FBD84 /* MainViewController.swift in Sources */ = {isa = PBXBuildFile; fileRef = 18EFA3E91F686C5A001FBD84 /* MainViewController.swift */; };
		18EFA3ED1F686C5A001FBD84 /* Main.storyboard in Resources */ = {isa = PBXBuildFile; fileRef = 18EFA3EB1F686C5A001FBD84 /* Main.storyboard */; };
		18EFA3EF1F686C5A001FBD84 /* Assets.xcassets in Resources */ = {isa = PBXBuildFile; fileRef = 18EFA3EE1F686C5A001FBD84 /* Assets.xcassets */; };
		18EFA3F21F686C5A001FBD84 /* LaunchScreen.storyboard in Resources */ = {isa = PBXBuildFile; fileRef = 18EFA3F01F686C5A001FBD84 /* LaunchScreen.storyboard */; };
/* End PBXBuildFile section */

/* Begin PBXFileReference section */
		182085A61F69A976006C7BC3 /* .swiftlint.yml */ = {isa = PBXFileReference; lastKnownFileType = text; name = .swiftlint.yml; path = "../../Dropbox/Software Projects/PGECore/PGECore/.swiftlint.yml"; sourceTree = "<group>"; };
		182085A91F69ABEB006C7BC3 /* AceEditorTemplate.txt */ = {isa = PBXFileReference; lastKnownFileType = text; path = AceEditorTemplate.txt; sourceTree = "<group>"; };
		182085AA1F69ABEB006C7BC3 /* SourceCode.html */ = {isa = PBXFileReference; lastKnownFileType = text.html; path = SourceCode.html; sourceTree = "<group>"; };
		18EFA3E41F686C5A001FBD84 /* ACE.app */ = {isa = PBXFileReference; explicitFileType = wrapper.application; includeInIndex = 0; path = ACE.app; sourceTree = BUILT_PRODUCTS_DIR; };
		18EFA3E71F686C5A001FBD84 /* AppDelegate.swift */ = {isa = PBXFileReference; lastKnownFileType = sourcecode.swift; path = AppDelegate.swift; sourceTree = "<group>"; };
		18EFA3E91F686C5A001FBD84 /* MainViewController.swift */ = {isa = PBXFileReference; lastKnownFileType = sourcecode.swift; path = MainViewController.swift; sourceTree = "<group>"; };
		18EFA3EC1F686C5A001FBD84 /* Base */ = {isa = PBXFileReference; lastKnownFileType = file.storyboard; name = Base; path = Base.lproj/Main.storyboard; sourceTree = "<group>"; };
		18EFA3EE1F686C5A001FBD84 /* Assets.xcassets */ = {isa = PBXFileReference; lastKnownFileType = folder.assetcatalog; path = Assets.xcassets; sourceTree = "<group>"; };
		18EFA3F11F686C5A001FBD84 /* Base */ = {isa = PBXFileReference; lastKnownFileType = file.storyboard; name = Base; path = Base.lproj/LaunchScreen.storyboard; sourceTree = "<group>"; };
		18EFA3F31F686C5A001FBD84 /* Info.plist */ = {isa = PBXFileReference; lastKnownFileType = text.plist.xml; path = Info.plist; sourceTree = "<group>"; };
/* End PBXFileReference section */

/* Begin PBXFrameworksBuildPhase section */
		18EFA3E11F686C5A001FBD84 /* Frameworks */ = {
			isa = PBXFrameworksBuildPhase;
			buildActionMask = 2147483647;
			files = (
			);
			runOnlyForDeploymentPostprocessing = 0;
		};
/* End PBXFrameworksBuildPhase section */

/* Begin PBXGroup section */
		182085A81F69ABEB006C7BC3 /* Resources */ = {
			isa = PBXGroup;
			children = (
				182085A91F69ABEB006C7BC3 /* AceEditorTemplate.txt */,
				182085AA1F69ABEB006C7BC3 /* SourceCode.html */,
			);
			path = Resources;
			sourceTree = "<group>";
		};
		18EFA3DB1F686C5A001FBD84 = {
			isa = PBXGroup;
			children = (
				182085A61F69A976006C7BC3 /* .swiftlint.yml */,
				18EFA3E61F686C5A001FBD84 /* ACE */,
				18EFA3E51F686C5A001FBD84 /* Products */,
			);
			sourceTree = "<group>";
		};
		18EFA3E51F686C5A001FBD84 /* Products */ = {
			isa = PBXGroup;
			children = (
				18EFA3E41F686C5A001FBD84 /* ACE.app */,
			);
			name = Products;
			sourceTree = "<group>";
		};
		18EFA3E61F686C5A001FBD84 /* ACE */ = {
			isa = PBXGroup;
			children = (
				18EFA3E71F686C5A001FBD84 /* AppDelegate.swift */,
				18EFA3E91F686C5A001FBD84 /* MainViewController.swift */,
				18EFA3EB1F686C5A001FBD84 /* Main.storyboard */,
				182085A81F69ABEB006C7BC3 /* Resources */,
				18EFA3EE1F686C5A001FBD84 /* Assets.xcassets */,
				18EFA3F01F686C5A001FBD84 /* LaunchScreen.storyboard */,
				18EFA3F31F686C5A001FBD84 /* Info.plist */,
			);
			path = ACE;
			sourceTree = "<group>";
		};
/* End PBXGroup section */

/* Begin PBXNativeTarget section */
		18EFA3E31F686C5A001FBD84 /* ACE */ = {
			isa = PBXNativeTarget;
			buildConfigurationList = 18EFA3F61F686C5A001FBD84 /* Build configuration list for PBXNativeTarget "ACE" */;
			buildPhases = (
				18EFA3E01F686C5A001FBD84 /* Sources */,
				18EFA3E11F686C5A001FBD84 /* Frameworks */,
				18EFA3E21F686C5A001FBD84 /* Resources */,
				182085A71F69A9B2006C7BC3 /* ShellScript */,
			);
			buildRules = (
			);
			dependencies = (
			);
			name = ACE;
			productName = ACE;
			productReference = 18EFA3E41F686C5A001FBD84 /* ACE.app */;
			productType = "com.apple.product-type.application";
		};
/* End PBXNativeTarget section */

/* Begin PBXProject section */
		18EFA3DC1F686C5A001FBD84 /* Project object */ = {
			isa = PBXProject;
			attributes = {
				LastSwiftUpdateCheck = 0900;
				LastUpgradeCheck = 0900;
				ORGANIZATIONNAME = "Amourine Technologies";
				TargetAttributes = {
					18EFA3E31F686C5A001FBD84 = {
						CreatedOnToolsVersion = 9.0;
						ProvisioningStyle = Automatic;
					};
				};
			};
			buildConfigurationList = 18EFA3DF1F686C5A001FBD84 /* Build configuration list for PBXProject "ACE" */;
			compatibilityVersion = "Xcode 8.0";
			developmentRegion = en;
			hasScannedForEncodings = 0;
			knownRegions = (
				en,
				Base,
			);
			mainGroup = 18EFA3DB1F686C5A001FBD84;
			productRefGroup = 18EFA3E51F686C5A001FBD84 /* Products */;
			projectDirPath = "";
			projectRoot = "";
			targets = (
				18EFA3E31F686C5A001FBD84 /* ACE */,
			);
		};
/* End PBXProject section */

/* Begin PBXResourcesBuildPhase section */
		18EFA3E21F686C5A001FBD84 /* Resources */ = {
			isa = PBXResourcesBuildPhase;
			buildActionMask = 2147483647;
			files = (
				18EFA3F21F686C5A001FBD84 /* LaunchScreen.storyboard in Resources */,
				18EFA3EF1F686C5A001FBD84 /* Assets.xcassets in Resources */,
				18EFA3ED1F686C5A001FBD84 /* Main.storyboard in Resources */,
			);
			runOnlyForDeploymentPostprocessing = 0;
		};
/* End PBXResourcesBuildPhase section */

/* Begin PBXShellScriptBuildPhase section */
		182085A71F69A9B2006C7BC3 /* ShellScript */ = {
			isa = PBXShellScriptBuildPhase;
			buildActionMask = 2147483647;
			files = (
			);
			inputPaths = (
			);
			outputPaths = (
			);
			runOnlyForDeploymentPostprocessing = 0;
			shellPath = /bin/sh;
			shellScript = "if which swiftlint >/dev/null; then\nswiftlint\nelse\necho \"error: SwiftLint does not exist, download it from https://github.com/realm/SwiftLint\"\nfi";
		};
/* End PBXShellScriptBuildPhase section */

/* Begin PBXSourcesBuildPhase section */
		18EFA3E01F686C5A001FBD84 /* Sources */ = {
			isa = PBXSourcesBuildPhase;
			buildActionMask = 2147483647;
			files = (
				18EFA3EA1F686C5A001FBD84 /* MainViewController.swift in Sources */,
				18EFA3E81F686C5A001FBD84 /* AppDelegate.swift in Sources */,
			);
			runOnlyForDeploymentPostprocessing = 0;
		};
/* End PBXSourcesBuildPhase section */

/* Begin PBXVariantGroup section */
		18EFA3EB1F686C5A001FBD84 /* Main.storyboard */ = {
			isa = PBXVariantGroup;
			children = (
				18EFA3EC1F686C5A001FBD84 /* Base */,
			);
			name = Main.storyboard;
			sourceTree = "<group>";
		};
		18EFA3F01F686C5A001FBD84 /* LaunchScreen.storyboard */ = {
			isa = PBXVariantGroup;
			children = (
				18EFA3F11F686C5A001FBD84 /* Base */,
			);
			name = LaunchScreen.storyboard;
			sourceTree = "<group>";
		};
/* End PBXVariantGroup section */

/* Begin XCBuildConfiguration section */
		18EFA3F41F686C5A001FBD84 /* Debug */ = {
			isa = XCBuildConfiguration;
			buildSettings = {
				ALWAYS_SEARCH_USER_PATHS = NO;
				CLANG_ANALYZER_NONNULL = YES;
				CLANG_ANALYZER_NUMBER_OBJECT_CONVERSION = YES_AGGRESSIVE;
				CLANG_CXX_LANGUAGE_STANDARD = "gnu++14";
				CLANG_CXX_LIBRARY = "libc++";
				CLANG_ENABLE_MODULES = YES;
				CLANG_ENABLE_OBJC_ARC = YES;
				CLANG_WARN_BLOCK_CAPTURE_AUTORELEASING = YES;
				CLANG_WARN_BOOL_CONVERSION = YES;
				CLANG_WARN_COMMA = YES;
				CLANG_WARN_CONSTANT_CONVERSION = YES;
				CLANG_WARN_DIRECT_OBJC_ISA_USAGE = YES_ERROR;
				CLANG_WARN_DOCUMENTATION_COMMENTS = YES;
				CLANG_WARN_EMPTY_BODY = YES;
				CLANG_WARN_ENUM_CONVERSION = YES;
				CLANG_WARN_INFINITE_RECURSION = YES;
				CLANG_WARN_INT_CONVERSION = YES;
				CLANG_WARN_NON_LITERAL_NULL_CONVERSION = YES;
				CLANG_WARN_OBJC_LITERAL_CONVERSION = YES;
				CLANG_WARN_OBJC_ROOT_CLASS = YES_ERROR;
				CLANG_WARN_RANGE_LOOP_ANALYSIS = YES;
				CLANG_WARN_STRICT_PROTOTYPES = YES;
				CLANG_WARN_SUSPICIOUS_MOVE = YES;
				CLANG_WARN_UNGUARDED_AVAILABILITY = YES_AGGRESSIVE;
				CLANG_WARN_UNREACHABLE_CODE = YES;
				CLANG_WARN__DUPLICATE_METHOD_MATCH = YES;
				CODE_SIGN_IDENTITY = "iPhone Developer";
				COPY_PHASE_STRIP = NO;
				DEBUG_INFORMATION_FORMAT = dwarf;
				ENABLE_STRICT_OBJC_MSGSEND = YES;
				ENABLE_TESTABILITY = YES;
				GCC_C_LANGUAGE_STANDARD = gnu11;
				GCC_DYNAMIC_NO_PIC = NO;
				GCC_NO_COMMON_BLOCKS = YES;
				GCC_OPTIMIZATION_LEVEL = 0;
				GCC_PREPROCESSOR_DEFINITIONS = (
					"DEBUG=1",
					"$(inherited)",
				);
				GCC_WARN_64_TO_32_BIT_CONVERSION = YES;
				GCC_WARN_ABOUT_RETURN_TYPE = YES_ERROR;
				GCC_WARN_UNDECLARED_SELECTOR = YES;
				GCC_WARN_UNINITIALIZED_AUTOS = YES_AGGRESSIVE;
				GCC_WARN_UNUSED_FUNCTION = YES;
				GCC_WARN_UNUSED_VARIABLE = YES;
				IPHONEOS_DEPLOYMENT_TARGET = 11.0;
				MTL_ENABLE_DEBUG_INFO = YES;
				ONLY_ACTIVE_ARCH = YES;
				SDKROOT = iphoneos;
				SWIFT_ACTIVE_COMPILATION_CONDITIONS = DEBUG;
				SWIFT_OPTIMIZATION_LEVEL = "-Onone";
			};
			name = Debug;
		};
		18EFA3F51F686C5A001FBD84 /* Release */ = {
			isa = XCBuildConfiguration;
			buildSettings = {
				ALWAYS_SEARCH_USER_PATHS = NO;
				CLANG_ANALYZER_NONNULL = YES;
				CLANG_ANALYZER_NUMBER_OBJECT_CONVERSION = YES_AGGRESSIVE;
				CLANG_CXX_LANGUAGE_STANDARD = "gnu++14";
				CLANG_CXX_LIBRARY = "libc++";
				CLANG_ENABLE_MODULES = YES;
				CLANG_ENABLE_OBJC_ARC = YES;
				CLANG_WARN_BLOCK_CAPTURE_AUTORELEASING = YES;
				CLANG_WARN_BOOL_CONVERSION = YES;
				CLANG_WARN_COMMA = YES;
				CLANG_WARN_CONSTANT_CONVERSION = YES;
				CLANG_WARN_DIRECT_OBJC_ISA_USAGE = YES_ERROR;
				CLANG_WARN_DOCUMENTATION_COMMENTS = YES;
				CLANG_WARN_EMPTY_BODY = YES;
				CLANG_WARN_ENUM_CONVERSION = YES;
				CLANG_WARN_INFINITE_RECURSION = YES;
				CLANG_WARN_INT_CONVERSION = YES;
				CLANG_WARN_NON_LITERAL_NULL_CONVERSION = YES;
				CLANG_WARN_OBJC_LITERAL_CONVERSION = YES;
				CLANG_WARN_OBJC_ROOT_CLASS = YES_ERROR;
				CLANG_WARN_RANGE_LOOP_ANALYSIS = YES;
				CLANG_WARN_STRICT_PROTOTYPES = YES;
				CLANG_WARN_SUSPICIOUS_MOVE = YES;
				CLANG_WARN_UNGUARDED_AVAILABILITY = YES_AGGRESSIVE;
				CLANG_WARN_UNREACHABLE_CODE = YES;
				CLANG_WARN__DUPLICATE_METHOD_MATCH = YES;
				CODE_SIGN_IDENTITY = "iPhone Developer";
				COPY_PHASE_STRIP = NO;
				DEBUG_INFORMATION_FORMAT = "dwarf-with-dsym";
				ENABLE_NS_ASSERTIONS = NO;
				ENABLE_STRICT_OBJC_MSGSEND = YES;
				GCC_C_LANGUAGE_STANDARD = gnu11;
				GCC_NO_COMMON_BLOCKS = YES;
				GCC_WARN_64_TO_32_BIT_CONVERSION = YES;
				GCC_WARN_ABOUT_RETURN_TYPE = YES_ERROR;
				GCC_WARN_UNDECLARED_SELECTOR = YES;
				GCC_WARN_UNINITIALIZED_AUTOS = YES_AGGRESSIVE;
				GCC_WARN_UNUSED_FUNCTION = YES;
				GCC_WARN_UNUSED_VARIABLE = YES;
				IPHONEOS_DEPLOYMENT_TARGET = 11.0;
				MTL_ENABLE_DEBUG_INFO = NO;
				SDKROOT = iphoneos;
				SWIFT_OPTIMIZATION_LEVEL = "-Owholemodule";
				VALIDATE_PRODUCT = YES;
			};
			name = Release;
		};
		18EFA3F71F686C5A001FBD84 /* Debug */ = {
			isa = XCBuildConfiguration;
			buildSettings = {
				ASSETCATALOG_COMPILER_APPICON_NAME = AppIcon;
				CODE_SIGN_STYLE = Automatic;
				DEVELOPMENT_TEAM = NFHP7Z5VAQ;
				INFOPLIST_FILE = ACE/Info.plist;
				LD_RUNPATH_SEARCH_PATHS = "$(inherited) @executable_path/Frameworks";
				PRODUCT_BUNDLE_IDENTIFIER = com.AmourineTech.ACE;
				PRODUCT_NAME = "$(TARGET_NAME)";
				SWIFT_VERSION = 4.0;
				TARGETED_DEVICE_FAMILY = "1,2";
			};
			name = Debug;
		};
		18EFA3F81F686C5A001FBD84 /* Release */ = {
			isa = XCBuildConfiguration;
			buildSettings = {
				ASSETCATALOG_COMPILER_APPICON_NAME = AppIcon;
				CODE_SIGN_STYLE = Automatic;
				DEVELOPMENT_TEAM = NFHP7Z5VAQ;
				INFOPLIST_FILE = ACE/Info.plist;
				LD_RUNPATH_SEARCH_PATHS = "$(inherited) @executable_path/Frameworks";
				PRODUCT_BUNDLE_IDENTIFIER = com.AmourineTech.ACE;
				PRODUCT_NAME = "$(TARGET_NAME)";
				SWIFT_VERSION = 4.0;
				TARGETED_DEVICE_FAMILY = "1,2";
			};
			name = Release;
		};
/* End XCBuildConfiguration section */

/* Begin XCConfigurationList section */
		18EFA3DF1F686C5A001FBD84 /* Build configuration list for PBXProject "ACE" */ = {
			isa = XCConfigurationList;
			buildConfigurations = (
				18EFA3F41F686C5A001FBD84 /* Debug */,
				18EFA3F51F686C5A001FBD84 /* Release */,
			);
			defaultConfigurationIsVisible = 0;
			defaultConfigurationName = Release;
		};
		18EFA3F61F686C5A001FBD84 /* Build configuration list for PBXNativeTarget "ACE" */ = {
			isa = XCConfigurationList;
			buildConfigurations = (
				18EFA3F71F686C5A001FBD84 /* Debug */,
				18EFA3F81F686C5A001FBD84 /* Release */,
			);
			defaultConfigurationIsVisible = 0;
			defaultConfigurationName = Release;
		};
/* End XCConfigurationList section */
	};
	rootObject = 18EFA3DC1F686C5A001FBD84 /* Project object */;
}
